{
  "name": "library-project",
  "lockfileVersion": 3,
  "requires": true,
  "packages": {
    "": {
      "name": "library-project",
      "dependencies": {
        "library-project": "file:.."
      }
    },
    "..": {
      "name": "library-project",
      "version": "1.0.0",
      "license": "ISC"
    },
    "node_modules/library-project": {
      "resolved": "..",
      "link": true
    }
  }
}
